// !$*UTF8*$!
{
	archiveVersion = 1;
	classes = {
	};
	objectVersion = 56;
	objects = {

/* Begin PBXBuildFile section */
		F9E8BC382B18B73300C2123A /* MeslaApp.swift in Sources */ = {isa = PBXBuildFile; fileRef = F9E8BC372B18B73300C2123A /* MeslaApp.swift */; };
		F9E8BC3A2B18B73300C2123A /* ContentView.swift in Sources */ = {isa = PBXBuildFile; fileRef = F9E8BC392B18B73300C2123A /* ContentView.swift */; };
		F9E8BC3C2B18B73400C2123A /* Assets.xcassets in Resources */ = {isa = PBXBuildFile; fileRef = F9E8BC3B2B18B73400C2123A /* Assets.xcassets */; };
		F9E8BC3F2B18B73400C2123A /* Preview Assets.xcassets in Resources */ = {isa = PBXBuildFile; fileRef = F9E8BC3E2B18B73400C2123A /* Preview Assets.xcassets */; };
		F9E8BC492B18B77100C2123A /* MeslaModel.swift in Sources */ = {isa = PBXBuildFile; fileRef = F9E8BC482B18B77100C2123A /* MeslaModel.swift */; };
		F9E8BC4B2B18B7A700C2123A /* MeslaViewModel.swift in Sources */ = {isa = PBXBuildFile; fileRef = F9E8BC4A2B18B7A700C2123A /* MeslaViewModel.swift */; };
		F9E8BC4D2B18B7CA00C2123A /* SettingScreen.swift in Sources */ = {isa = PBXBuildFile; fileRef = F9E8BC4C2B18B7CA00C2123A /* SettingScreen.swift */; };
		F9E8BC522B18B96900C2123A /* carDetails.swift in Sources */ = {isa = PBXBuildFile; fileRef = F9E8BC512B18B96900C2123A /* carDetails.swift */; };
		F9E8BC562B18C55400C2123A /* HomeView.swift in Sources */ = {isa = PBXBuildFile; fileRef = F9E8BC552B18C55400C2123A /* HomeView.swift */; };
		F9E8BC582B18C71600C2123A /* TabViewScreen.swift in Sources */ = {isa = PBXBuildFile; fileRef = F9E8BC572B18C71600C2123A /* TabViewScreen.swift */; };
		F9E8BC5A2B18CDA500C2123A /* ComponentViews.swift in Sources */ = {isa = PBXBuildFile; fileRef = F9E8BC592B18CDA500C2123A /* ComponentViews.swift */; };
/* End PBXBuildFile section */

/* Begin PBXFileReference section */
		F9E8BC342B18B73300C2123A /* Mesla.app */ = {isa = PBXFileReference; explicitFileType = wrapper.application; includeInIndex = 0; path = Mesla.app; sourceTree = BUILT_PRODUCTS_DIR; };
		F9E8BC372B18B73300C2123A /* MeslaApp.swift */ = {isa = PBXFileReference; lastKnownFileType = sourcecode.swift; path = MeslaApp.swift; sourceTree = "<group>"; };
		F9E8BC392B18B73300C2123A /* ContentView.swift */ = {isa = PBXFileReference; lastKnownFileType = sourcecode.swift; path = ContentView.swift; sourceTree = "<group>"; };
		F9E8BC3B2B18B73400C2123A /* Assets.xcassets */ = {isa = PBXFileReference; lastKnownFileType = folder.assetcatalog; path = Assets.xcassets; sourceTree = "<group>"; };
		F9E8BC3E2B18B73400C2123A /* Preview Assets.xcassets */ = {isa = PBXFileReference; lastKnownFileType = folder.assetcatalog; path = "Preview Assets.xcassets"; sourceTree = "<group>"; };
		F9E8BC482B18B77100C2123A /* MeslaModel.swift */ = {isa = PBXFileReference; lastKnownFileType = sourcecode.swift; path = MeslaModel.swift; sourceTree = "<group>"; };
		F9E8BC4A2B18B7A700C2123A /* MeslaViewModel.swift */ = {isa = PBXFileReference; lastKnownFileType = sourcecode.swift; path = MeslaViewModel.swift; sourceTree = "<group>"; };
		F9E8BC4C2B18B7CA00C2123A /* SettingScreen.swift */ = {isa = PBXFileReference; lastKnownFileType = sourcecode.swift; path = SettingScreen.swift; sourceTree = "<group>"; };
		F9E8BC512B18B96900C2123A /* carDetails.swift */ = {isa = PBXFileReference; lastKnownFileType = sourcecode.swift; path = carDetails.swift; sourceTree = "<group>"; };
		F9E8BC552B18C55400C2123A /* HomeView.swift */ = {isa = PBXFileReference; lastKnownFileType = sourcecode.swift; path = HomeView.swift; sourceTree = "<group>"; };
		F9E8BC572B18C71600C2123A /* TabViewScreen.swift */ = {isa = PBXFileReference; lastKnownFileType = sourcecode.swift; path = TabViewScreen.swift; sourceTree = "<group>"; };
		F9E8BC592B18CDA500C2123A /* ComponentViews.swift */ = {isa = PBXFileReference; lastKnownFileType = sourcecode.swift; path = ComponentViews.swift; sourceTree = "<group>"; };
/* End PBXFileReference section */

/* Begin PBXFrameworksBuildPhase section */
		F9E8BC312B18B73300C2123A /* Frameworks */ = {
			isa = PBXFrameworksBuildPhase;
			buildActionMask = 2147483647;
			files = (
			);
			runOnlyForDeploymentPostprocessing = 0;
		};
/* End PBXFrameworksBuildPhase section */

/* Begin PBXGroup section */
		F9E8BC2B2B18B73300C2123A = {
			isa = PBXGroup;
			children = (
				F9E8BC362B18B73300C2123A /* Mesla */,
				F9E8BC352B18B73300C2123A /* Products */,
			);
			sourceTree = "<group>";
		};
		F9E8BC352B18B73300C2123A /* Products */ = {
			isa = PBXGroup;
			children = (
				F9E8BC342B18B73300C2123A /* Mesla.app */,
			);
			name = Products;
			sourceTree = "<group>";
		};
		F9E8BC362B18B73300C2123A /* Mesla */ = {
			isa = PBXGroup;
			children = (
				F9E8BC372B18B73300C2123A /* MeslaApp.swift */,
				F9E8BC4E2B18B7EE00C2123A /* Components */,
				F9E8BC452B18B74500C2123A /* Model */,
				F9E8BC472B18B75600C2123A /* ViewModel */,
				F9E8BC462B18B74C00C2123A /* Views */,
				F9E8BC3B2B18B73400C2123A /* Assets.xcassets */,
				F9E8BC3D2B18B73400C2123A /* Preview Content */,
			);
			path = Mesla;
			sourceTree = "<group>";
		};
		F9E8BC3D2B18B73400C2123A /* Preview Content */ = {
			isa = PBXGroup;
			children = (
				F9E8BC3E2B18B73400C2123A /* Preview Assets.xcassets */,
			);
			path = "Preview Content";
			sourceTree = "<group>";
		};
		F9E8BC452B18B74500C2123A /* Model */ = {
			isa = PBXGroup;
			children = (
				F9E8BC482B18B77100C2123A /* MeslaModel.swift */,
			);
			path = Model;
			sourceTree = "<group>";
		};
		F9E8BC462B18B74C00C2123A /* Views */ = {
			isa = PBXGroup;
			children = (
				F9E8BC392B18B73300C2123A /* ContentView.swift */,
				F9E8BC552B18C55400C2123A /* HomeView.swift */,
				F9E8BC572B18C71600C2123A /* TabViewScreen.swift */,
				F9E8BC512B18B96900C2123A /* carDetails.swift */,
				F9E8BC4C2B18B7CA00C2123A /* SettingScreen.swift */,
			);
			path = Views;
			sourceTree = "<group>";
		};
		F9E8BC472B18B75600C2123A /* ViewModel */ = {
			isa = PBXGroup;
			children = (
				F9E8BC4A2B18B7A700C2123A /* MeslaViewModel.swift */,
			);
			path = ViewModel;
			sourceTree = "<group>";
		};
		F9E8BC4E2B18B7EE00C2123A /* Components */ = {
			isa = PBXGroup;
			children = (
				F9E8BC592B18CDA500C2123A /* ComponentViews.swift */,
			);
			path = Components;
			sourceTree = "<group>";
		};
/* End PBXGroup section */

/* Begin PBXNativeTarget section */
		F9E8BC332B18B73300C2123A /* Mesla */ = {
			isa = PBXNativeTarget;
			buildConfigurationList = F9E8BC422B18B73400C2123A /* Build configuration list for PBXNativeTarget "Mesla" */;
			buildPhases = (
				F9E8BC302B18B73300C2123A /* Sources */,
				F9E8BC312B18B73300C2123A /* Frameworks */,
				F9E8BC322B18B73300C2123A /* Resources */,
			);
			buildRules = (
			);
			dependencies = (
			);
			name = Mesla;
			productName = Mesla;
			productReference = F9E8BC342B18B73300C2123A /* Mesla.app */;
			productType = "com.apple.product-type.application";
		};
/* End PBXNativeTarget section */

/* Begin PBXProject section */
		F9E8BC2C2B18B73300C2123A /* Project object */ = {
			isa = PBXProject;
			attributes = {
				BuildIndependentTargetsInParallel = 1;
				LastSwiftUpdateCheck = 1410;
				LastUpgradeCheck = 1410;
				TargetAttributes = {
					F9E8BC332B18B73300C2123A = {
						CreatedOnToolsVersion = 14.1;
					};
				};
			};
			buildConfigurationList = F9E8BC2F2B18B73300C2123A /* Build configuration list for PBXProject "Mesla" */;
			compatibilityVersion = "Xcode 14.0";
			developmentRegion = en;
			hasScannedForEncodings = 0;
			knownRegions = (
				en,
				Base,
			);
			mainGroup = F9E8BC2B2B18B73300C2123A;
			productRefGroup = F9E8BC352B18B73300C2123A /* Products */;
			projectDirPath = "";
			projectRoot = "";
			targets = (
				F9E8BC332B18B73300C2123A /* Mesla */,
			);
		};
/* End PBXProject section */

/* Begin PBXResourcesBuildPhase section */
		F9E8BC322B18B73300C2123A /* Resources */ = {
			isa = PBXResourcesBuildPhase;
			buildActionMask = 2147483647;
			files = (
				F9E8BC3F2B18B73400C2123A /* Preview Assets.xcassets in Resources */,
				F9E8BC3C2B18B73400C2123A /* Assets.xcassets in Resources */,
			);
			runOnlyForDeploymentPostprocessing = 0;
		};
/* End PBXResourcesBuildPhase section */

/* Begin PBXSourcesBuildPhase section */
		F9E8BC302B18B73300C2123A /* Sources */ = {
			isa = PBXSourcesBuildPhase;
			buildActionMask = 2147483647;
			files = (
				F9E8BC562B18C55400C2123A /* HomeView.swift in Sources */,
				F9E8BC4D2B18B7CA00C2123A /* SettingScreen.swift in Sources */,
				F9E8BC582B18C71600C2123A /* TabViewScreen.swift in Sources */,
				F9E8BC522B18B96900C2123A /* carDetails.swift in Sources */,
				F9E8BC5A2B18CDA500C2123A /* ComponentViews.swift in Sources */,
				F9E8BC3A2B18B73300C2123A /* ContentView.swift in Sources */,
				F9E8BC4B2B18B7A700C2123A /* MeslaViewModel.swift in Sources */,
				F9E8BC382B18B73300C2123A /* MeslaApp.swift in Sources */,
				F9E8BC492B18B77100C2123A /* MeslaModel.swift in Sources */,
			);
			runOnlyForDeploymentPostprocessing = 0;
		};
/* End PBXSourcesBuildPhase section */

/* Begin XCBuildConfiguration section */
		F9E8BC402B18B73400C2123A /* Debug */ = {
			isa = XCBuildConfiguration;
			buildSettings = {
				ALWAYS_SEARCH_USER_PATHS = NO;
				CLANG_ANALYZER_NONNULL = YES;
				CLANG_ANALYZER_NUMBER_OBJECT_CONVERSION = YES_AGGRESSIVE;
				CLANG_CXX_LANGUAGE_STANDARD = "gnu++20";
				CLANG_ENABLE_MODULES = YES;
				CLANG_ENABLE_OBJC_ARC = YES;
				CLANG_ENABLE_OBJC_WEAK = YES;
				CLANG_WARN_BLOCK_CAPTURE_AUTORELEASING = YES;
				CLANG_WARN_BOOL_CONVERSION = YES;
				CLANG_WARN_COMMA = YES;
				CLANG_WARN_CONSTANT_CONVERSION = YES;
				CLANG_WARN_DEPRECATED_OBJC_IMPLEMENTATIONS = YES;
				CLANG_WARN_DIRECT_OBJC_ISA_USAGE = YES_ERROR;
				CLANG_WARN_DOCUMENTATION_COMMENTS = YES;
				CLANG_WARN_EMPTY_BODY = YES;
				CLANG_WARN_ENUM_CONVERSION = YES;
				CLANG_WARN_INFINITE_RECURSION = YES;
				CLANG_WARN_INT_CONVERSION = YES;
				CLANG_WARN_NON_LITERAL_NULL_CONVERSION = YES;
				CLANG_WARN_OBJC_IMPLICIT_RETAIN_SELF = YES;
				CLANG_WARN_OBJC_LITERAL_CONVERSION = YES;
				CLANG_WARN_OBJC_ROOT_CLASS = YES_ERROR;
				CLANG_WARN_QUOTED_INCLUDE_IN_FRAMEWORK_HEADER = YES;
				CLANG_WARN_RANGE_LOOP_ANALYSIS = YES;
				CLANG_WARN_STRICT_PROTOTYPES = YES;
				CLANG_WARN_SUSPICIOUS_MOVE = YES;
				CLANG_WARN_UNGUARDED_AVAILABILITY = YES_AGGRESSIVE;
				CLANG_WARN_UNREACHABLE_CODE = YES;
				CLANG_WARN__DUPLICATE_METHOD_MATCH = YES;
				COPY_PHASE_STRIP = NO;
				DEBUG_INFORMATION_FORMAT = dwarf;
				ENABLE_STRICT_OBJC_MSGSEND = YES;
				ENABLE_TESTABILITY = YES;
				GCC_C_LANGUAGE_STANDARD = gnu11;
				GCC_DYNAMIC_NO_PIC = NO;
				GCC_NO_COMMON_BLOCKS = YES;
				GCC_OPTIMIZATION_LEVEL = 0;
				GCC_PREPROCESSOR_DEFINITIONS = (
					"DEBUG=1",
					"$(inherited)",
				);
				GCC_WARN_64_TO_32_BIT_CONVERSION = YES;
				GCC_WARN_ABOUT_RETURN_TYPE = YES_ERROR;
				GCC_WARN_UNDECLARED_SELECTOR = YES;
				GCC_WARN_UNINITIALIZED_AUTOS = YES_AGGRESSIVE;
				GCC_WARN_UNUSED_FUNCTION = YES;
				GCC_WARN_UNUSED_VARIABLE = YES;
				IPHONEOS_DEPLOYMENT_TARGET = 16.1;
				MTL_ENABLE_DEBUG_INFO = INCLUDE_SOURCE;
				MTL_FAST_MATH = YES;
				ONLY_ACTIVE_ARCH = YES;
				SDKROOT = iphoneos;
				SWIFT_ACTIVE_COMPILATION_CONDITIONS = DEBUG;
				SWIFT_OPTIMIZATION_LEVEL = "-Onone";
			};
			name = Debug;
		};
		F9E8BC412B18B73400C2123A /* Release */ = {
			isa = XCBuildConfiguration;
			buildSettings = {
				ALWAYS_SEARCH_USER_PATHS = NO;
				CLANG_ANALYZER_NONNULL = YES;
				CLANG_ANALYZER_NUMBER_OBJECT_CONVERSION = YES_AGGRESSIVE;
				CLANG_CXX_LANGUAGE_STANDARD = "gnu++20";
				CLANG_ENABLE_MODULES = YES;
				CLANG_ENABLE_OBJC_ARC = YES;
				CLANG_ENABLE_OBJC_WEAK = YES;
				CLANG_WARN_BLOCK_CAPTURE_AUTORELEASING = YES;
				CLANG_WARN_BOOL_CONVERSION = YES;
				CLANG_WARN_COMMA = YES;
				CLANG_WARN_CONSTANT_CONVERSION = YES;
				CLANG_WARN_DEPRECATED_OBJC_IMPLEMENTATIONS = YES;
				CLANG_WARN_DIRECT_OBJC_ISA_USAGE = YES_ERROR;
				CLANG_WARN_DOCUMENTATION_COMMENTS = YES;
				CLANG_WARN_EMPTY_BODY = YES;
				CLANG_WARN_ENUM_CONVERSION = YES;
				CLANG_WARN_INFINITE_RECURSION = YES;
				CLANG_WARN_INT_CONVERSION = YES;
				CLANG_WARN_NON_LITERAL_NULL_CONVERSION = YES;
				CLANG_WARN_OBJC_IMPLICIT_RETAIN_SELF = YES;
				CLANG_WARN_OBJC_LITERAL_CONVERSION = YES;
				CLANG_WARN_OBJC_ROOT_CLASS = YES_ERROR;
				CLANG_WARN_QUOTED_INCLUDE_IN_FRAMEWORK_HEADER = YES;
				CLANG_WARN_RANGE_LOOP_ANALYSIS = YES;
				CLANG_WARN_STRICT_PROTOTYPES = YES;
				CLANG_WARN_SUSPICIOUS_MOVE = YES;
				CLANG_WARN_UNGUARDED_AVAILABILITY = YES_AGGRESSIVE;
				CLANG_WARN_UNREACHABLE_CODE = YES;
				CLANG_WARN__DUPLICATE_METHOD_MATCH = YES;
				COPY_PHASE_STRIP = NO;
				DEBUG_INFORMATION_FORMAT = "dwarf-with-dsym";
				ENABLE_NS_ASSERTIONS = NO;
				ENABLE_STRICT_OBJC_MSGSEND = YES;
				GCC_C_LANGUAGE_STANDARD = gnu11;
				GCC_NO_COMMON_BLOCKS = YES;
				GCC_WARN_64_TO_32_BIT_CONVERSION = YES;
				GCC_WARN_ABOUT_RETURN_TYPE = YES_ERROR;
				GCC_WARN_UNDECLARED_SELECTOR = YES;
				GCC_WARN_UNINITIALIZED_AUTOS = YES_AGGRESSIVE;
				GCC_WARN_UNUSED_FUNCTION = YES;
				GCC_WARN_UNUSED_VARIABLE = YES;
				IPHONEOS_DEPLOYMENT_TARGET = 16.1;
				MTL_ENABLE_DEBUG_INFO = NO;
				MTL_FAST_MATH = YES;
				SDKROOT = iphoneos;
				SWIFT_COMPILATION_MODE = wholemodule;
				SWIFT_OPTIMIZATION_LEVEL = "-O";
				VALIDATE_PRODUCT = YES;
			};
			name = Release;
		};
		F9E8BC432B18B73400C2123A /* Debug */ = {
			isa = XCBuildConfiguration;
			buildSettings = {
				ASSETCATALOG_COMPILER_APPICON_NAME = AppIcon;
				ASSETCATALOG_COMPILER_GLOBAL_ACCENT_COLOR_NAME = AccentColor;
				CODE_SIGN_STYLE = Automatic;
				CURRENT_PROJECT_VERSION = 1;
				DEVELOPMENT_ASSET_PATHS = "\"Mesla/Preview Content\"";
				DEVELOPMENT_TEAM = 74XM427YR6;
				ENABLE_PREVIEWS = YES;
				GENERATE_INFOPLIST_FILE = YES;
				INFOPLIST_KEY_UIApplicationSceneManifest_Generation = YES;
				INFOPLIST_KEY_UIApplicationSupportsIndirectInputEvents = YES;
				INFOPLIST_KEY_UILaunchScreen_Generation = YES;
				INFOPLIST_KEY_UISupportedInterfaceOrientations_iPad = "UIInterfaceOrientationPortrait UIInterfaceOrientationPortraitUpsideDown UIInterfaceOrientationLandscapeLeft UIInterfaceOrientationLandscapeRight";
				INFOPLIST_KEY_UISupportedInterfaceOrientations_iPhone = "UIInterfaceOrientationPortrait UIInterfaceOrientationLandscapeLeft UIInterfaceOrientationLandscapeRight";
				LD_RUNPATH_SEARCH_PATHS = (
					"$(inherited)",
					"@executable_path/Frameworks",
				);
				MARKETING_VERSION = 1.0;
				PRODUCT_BUNDLE_IDENTIFIER = xyz.marvisdosa.Mesla;
				PRODUCT_NAME = "$(TARGET_NAME)";
				SWIFT_EMIT_LOC_STRINGS = YES;
				SWIFT_VERSION = 5.0;
				TARGETED_DEVICE_FAMILY = "1,2";
			};
			name = Debug;
		};
		F9E8BC442B18B73400C2123A /* Release */ = {
			isa = XCBuildConfiguration;
			buildSettings = {
				ASSETCATALOG_COMPILER_APPICON_NAME = AppIcon;
				ASSETCATALOG_COMPILER_GLOBAL_ACCENT_COLOR_NAME = AccentColor;
				CODE_SIGN_STYLE = Automatic;
				CURRENT_PROJECT_VERSION = 1;
				DEVELOPMENT_ASSET_PATHS = "\"Mesla/Preview Content\"";
				DEVELOPMENT_TEAM = 74XM427YR6;
				ENABLE_PREVIEWS = YES;
				GENERATE_INFOPLIST_FILE = YES;
				INFOPLIST_KEY_UIApplicationSceneManifest_Generation = YES;
				INFOPLIST_KEY_UIApplicationSupportsIndirectInputEvents = YES;
				INFOPLIST_KEY_UILaunchScreen_Generation = YES;
				INFOPLIST_KEY_UISupportedInterfaceOrientations_iPad = "UIInterfaceOrientationPortrait UIInterfaceOrientationPortraitUpsideDown UIInterfaceOrientationLandscapeLeft UIInterfaceOrientationLandscapeRight";
				INFOPLIST_KEY_UISupportedInterfaceOrientations_iPhone = "UIInterfaceOrientationPortrait UIInterfaceOrientationLandscapeLeft UIInterfaceOrientationLandscapeRight";
				LD_RUNPATH_SEARCH_PATHS = (
					"$(inherited)",
					"@executable_path/Frameworks",
				);
				MARKETING_VERSION = 1.0;
				PRODUCT_BUNDLE_IDENTIFIER = xyz.marvisdosa.Mesla;
				PRODUCT_NAME = "$(TARGET_NAME)";
				SWIFT_EMIT_LOC_STRINGS = YES;
				SWIFT_VERSION = 5.0;
				TARGETED_DEVICE_FAMILY = "1,2";
			};
			name = Release;
		};
/* End XCBuildConfiguration section */

/* Begin XCConfigurationList section */
		F9E8BC2F2B18B73300C2123A /* Build configuration list for PBXProject "Mesla" */ = {
			isa = XCConfigurationList;
			buildConfigurations = (
				F9E8BC402B18B73400C2123A /* Debug */,
				F9E8BC412B18B73400C2123A /* Release */,
			);
			defaultConfigurationIsVisible = 0;
			defaultConfigurationName = Release;
		};
		F9E8BC422B18B73400C2123A /* Build configuration list for PBXNativeTarget "Mesla" */ = {
			isa = XCConfigurationList;
			buildConfigurations = (
				F9E8BC432B18B73400C2123A /* Debug */,
				F9E8BC442B18B73400C2123A /* Release */,
			);
			defaultConfigurationIsVisible = 0;
			defaultConfigurationName = Release;
		};
/* End XCConfigurationList section */
	};
	rootObject = F9E8BC2C2B18B73300C2123A /* Project object */;
}
